
Microsoft Visual Studio Solution File, Format Version 12.00
# Visual Studio 15
VisualStudioVersion = 15.0.27130.2010
MinimumVisualStudioVersion = 10.0.40219.1
Project("{9A19103F-16F7-4668-BE54-9A1E7A4F7556}") = "RD_University_LSP", "RD_University_LSP\RD_University_LSP.csproj", "{46770450-CB43-45A8-B0E5-F3CC92FDD19C}"
EndProject
Global
	GlobalSection(SolutionConfigurationPlatforms) = preSolution
		Debug|Any CPU = Debug|Any CPU
		Release|Any CPU = Release|Any CPU
	EndGlobalSection
	GlobalSection(ProjectConfigurationPlatforms) = postSolution
		{46770450-CB43-45A8-B0E5-F3CC92FDD19C}.Debug|Any CPU.ActiveCfg = Debug|Any CPU
		{46770450-CB43-45A8-B0E5-F3CC92FDD19C}.Debug|Any CPU.Build.0 = Debug|Any CPU
		{46770450-CB43-45A8-B0E5-F3CC92FDD19C}.Release|Any CPU.ActiveCfg = Release|Any CPU
		{46770450-CB43-45A8-B0E5-F3CC92FDD19C}.Release|Any CPU.Build.0 = Release|Any CPU
	EndGlobalSection
	GlobalSection(SolutionProperties) = preSolution
		HideSolutionNode = FALSE
	EndGlobalSection
	GlobalSection(ExtensibilityGlobals) = postSolution
		SolutionGuid = {C1B533F3-4A91-4DBF-AD8D-F35AF5AD4D58}
	EndGlobalSection
EndGlobal
